name: Temporary Capability 11 Validation

on:
  push:
    branches:
      - feat/capability-11-apca-v2

permissions:
  contents: read

jobs:
  validate-apca-v2:
    runs-on: ubuntu-24.04
    env:
      NEXUS_CAPTURE_EVIDENCE_DIR: .artifacts/cap11
    steps:
      - uses: actions/checkout@11bd71901bbe5b1630ceea73d27597364c9af683
        with:
          ref: feat/capability-11-apca-v2
      - uses: actions/setup-node@49933ea5288caeca8642d1e84afbd3f7d6820020
        with:
          node-version: 24
      - name: Enable pinned pnpm
        run: |
          corepack enable
          corepack prepare pnpm@10.15.0 --activate
      - name: Install frozen workspace
        run: pnpm install --frozen-lockfile
      - name: Install Chromium and WebKit
        run: pnpm --filter @nexus/capture exec playwright install --with-deps chromium webkit
      - name: Typecheck APCA integration
        run: pnpm --filter @nexus/capture typecheck
      - name: Build APCA integration
        run: pnpm --filter @nexus/capture build
      - name: Run capture browser suite
        run: pnpm --filter @nexus/capture test:browser
      - name: Print APCA evidence on failure
        if: failure()
        run: |
          find .artifacts/cap11 -name '*-apca.json' -type f -print -exec cat {} \; || true
      - name: Lint touched APCA files
        if: success()
        run: pnpm exec eslint packages/capture/apca-audit.ts packages/capture/tests/apca-audit.test.ts packages/capture/playwright-adapter.ts packages/capture/tests/playwright-adapter.test.ts
